
Microsoft Visual Studio Solution File, Format Version 12.00
# Visual Studio 15
VisualStudioVersion = 15.0.27703.2047
MinimumVisualStudioVersion = 10.0.40219.1
Project("{FAE04EC0-301F-11D3-BF4B-00C04F79EFBC}") = "HidePlayers", "HidePlayers\HidePlayers.csproj", "{EFA205AC-18DB-43FE-9A15-7A3F685D9E51}"
EndProject
Global
	GlobalSection(SolutionConfigurationPlatforms) = preSolution
		Debug|Any CPU = Debug|Any CPU
		Release|Any CPU = Release|Any CPU
	EndGlobalSection
	GlobalSection(ProjectConfigurationPlatforms) = postSolution
		{EFA205AC-18DB-43FE-9A15-7A3F685D9E51}.Debug|Any CPU.ActiveCfg = Debug|Any CPU
		{EFA205AC-18DB-43FE-9A15-7A3F685D9E51}.Debug|Any CPU.Build.0 = Debug|Any CPU
		{EFA205AC-18DB-43FE-9A15-7A3F685D9E51}.Release|Any CPU.ActiveCfg = Release|Any CPU
		{EFA205AC-18DB-43FE-9A15-7A3F685D9E51}.Release|Any CPU.Build.0 = Release|Any CPU
	EndGlobalSection
	GlobalSection(SolutionProperties) = preSolution
		HideSolutionNode = FALSE
	EndGlobalSection
	GlobalSection(ExtensibilityGlobals) = postSolution
		SolutionGuid = {C5B55FC1-9B84-4575-9DBF-BE5D8CE3447A}
	EndGlobalSection
EndGlobal
